// !$*UTF8*$!
{
	archiveVersion = 1;
	classes = {
	};
	objectVersion = 55;
	objects = {

/* Begin PBXBuildFile section */
		F40AB1AC2AF6CF86001D8A27 /* WeatherAppApp.swift in Sources */ = {isa = PBXBuildFile; fileRef = F40AB1AB2AF6CF86001D8A27 /* WeatherAppApp.swift */; };
		F40AB1AE2AF6CF86001D8A27 /* ContentView.swift in Sources */ = {isa = PBXBuildFile; fileRef = F40AB1AD2AF6CF86001D8A27 /* ContentView.swift */; };
		F40AB1B02AF6CF87001D8A27 /* Assets.xcassets in Resources */ = {isa = PBXBuildFile; fileRef = F40AB1AF2AF6CF87001D8A27 /* Assets.xcassets */; };
		F40AB1B32AF6CF87001D8A27 /* Preview Assets.xcassets in Resources */ = {isa = PBXBuildFile; fileRef = F40AB1B22AF6CF87001D8A27 /* Preview Assets.xcassets */; };
		F40AB1BB2AF6D218001D8A27 /* WebServiceController.swift in Sources */ = {isa = PBXBuildFile; fileRef = F40AB1BA2AF6D218001D8A27 /* WebServiceController.swift */; };
		F40AB1BD2AF6D35A001D8A27 /* OpenWeatherMapController.swift in Sources */ = {isa = PBXBuildFile; fileRef = F40AB1BC2AF6D35A001D8A27 /* OpenWeatherMapController.swift */; };
		F40AB1C02AF8193D001D8A27 /* OpenWeatherMapContainer.swift in Sources */ = {isa = PBXBuildFile; fileRef = F40AB1BF2AF8193D001D8A27 /* OpenWeatherMapContainer.swift */; };
		F40AB1C32AF81D76001D8A27 /* WeatherViewModel.swift in Sources */ = {isa = PBXBuildFile; fileRef = F40AB1C22AF81D76001D8A27 /* WeatherViewModel.swift */; };
/* End PBXBuildFile section */

/* Begin PBXFileReference section */
		F40AB1A82AF6CF86001D8A27 /* WeatherApp.app */ = {isa = PBXFileReference; explicitFileType = wrapper.application; includeInIndex = 0; path = WeatherApp.app; sourceTree = BUILT_PRODUCTS_DIR; };
		F40AB1AB2AF6CF86001D8A27 /* WeatherAppApp.swift */ = {isa = PBXFileReference; lastKnownFileType = sourcecode.swift; path = WeatherAppApp.swift; sourceTree = "<group>"; };
		F40AB1AD2AF6CF86001D8A27 /* ContentView.swift */ = {isa = PBXFileReference; lastKnownFileType = sourcecode.swift; path = ContentView.swift; sourceTree = "<group>"; };
		F40AB1AF2AF6CF87001D8A27 /* Assets.xcassets */ = {isa = PBXFileReference; lastKnownFileType = folder.assetcatalog; path = Assets.xcassets; sourceTree = "<group>"; };
		F40AB1B22AF6CF87001D8A27 /* Preview Assets.xcassets */ = {isa = PBXFileReference; lastKnownFileType = folder.assetcatalog; path = "Preview Assets.xcassets"; sourceTree = "<group>"; };
		F40AB1BA2AF6D218001D8A27 /* WebServiceController.swift */ = {isa = PBXFileReference; lastKnownFileType = sourcecode.swift; path = WebServiceController.swift; sourceTree = "<group>"; };
		F40AB1BC2AF6D35A001D8A27 /* OpenWeatherMapController.swift */ = {isa = PBXFileReference; lastKnownFileType = sourcecode.swift; path = OpenWeatherMapController.swift; sourceTree = "<group>"; };
		F40AB1BF2AF8193D001D8A27 /* OpenWeatherMapContainer.swift */ = {isa = PBXFileReference; lastKnownFileType = sourcecode.swift; path = OpenWeatherMapContainer.swift; sourceTree = "<group>"; };
		F40AB1C22AF81D76001D8A27 /* WeatherViewModel.swift */ = {isa = PBXFileReference; lastKnownFileType = sourcecode.swift; path = WeatherViewModel.swift; sourceTree = "<group>"; };
/* End PBXFileReference section */

/* Begin PBXFrameworksBuildPhase section */
		F40AB1A52AF6CF86001D8A27 /* Frameworks */ = {
			isa = PBXFrameworksBuildPhase;
			buildActionMask = 2147483647;
			files = (
			);
			runOnlyForDeploymentPostprocessing = 0;
		};
/* End PBXFrameworksBuildPhase section */

/* Begin PBXGroup section */
		F40AB19F2AF6CF86001D8A27 = {
			isa = PBXGroup;
			children = (
				F40AB1AA2AF6CF86001D8A27 /* WeatherApp */,
				F40AB1A92AF6CF86001D8A27 /* Products */,
			);
			sourceTree = "<group>";
		};
		F40AB1A92AF6CF86001D8A27 /* Products */ = {
			isa = PBXGroup;
			children = (
				F40AB1A82AF6CF86001D8A27 /* WeatherApp.app */,
			);
			name = Products;
			sourceTree = "<group>";
		};
		F40AB1AA2AF6CF86001D8A27 /* WeatherApp */ = {
			isa = PBXGroup;
			children = (
				F40AB1C12AF81D59001D8A27 /* ViewModel */,
				F40AB1B92AF6D1FD001D8A27 /* Model */,
				F40AB1AB2AF6CF86001D8A27 /* WeatherAppApp.swift */,
				F40AB1AD2AF6CF86001D8A27 /* ContentView.swift */,
				F40AB1AF2AF6CF87001D8A27 /* Assets.xcassets */,
				F40AB1B12AF6CF87001D8A27 /* Preview Content */,
			);
			path = WeatherApp;
			sourceTree = "<group>";
		};
		F40AB1B12AF6CF87001D8A27 /* Preview Content */ = {
			isa = PBXGroup;
			children = (
				F40AB1B22AF6CF87001D8A27 /* Preview Assets.xcassets */,
			);
			path = "Preview Content";
			sourceTree = "<group>";
		};
		F40AB1B92AF6D1FD001D8A27 /* Model */ = {
			isa = PBXGroup;
			children = (
				F40AB1BE2AF8191E001D8A27 /* JSONMappers */,
				F40AB1BA2AF6D218001D8A27 /* WebServiceController.swift */,
				F40AB1BC2AF6D35A001D8A27 /* OpenWeatherMapController.swift */,
			);
			path = Model;
			sourceTree = "<group>";
		};
		F40AB1BE2AF8191E001D8A27 /* JSONMappers */ = {
			isa = PBXGroup;
			children = (
				F40AB1BF2AF8193D001D8A27 /* OpenWeatherMapContainer.swift */,
			);
			path = JSONMappers;
			sourceTree = "<group>";
		};
		F40AB1C12AF81D59001D8A27 /* ViewModel */ = {
			isa = PBXGroup;
			children = (
				F40AB1C22AF81D76001D8A27 /* WeatherViewModel.swift */,
			);
			path = ViewModel;
			sourceTree = "<group>";
		};
/* End PBXGroup section */

/* Begin PBXNativeTarget section */
		F40AB1A72AF6CF86001D8A27 /* WeatherApp */ = {
			isa = PBXNativeTarget;
			buildConfigurationList = F40AB1B62AF6CF87001D8A27 /* Build configuration list for PBXNativeTarget "WeatherApp" */;
			buildPhases = (
				F40AB1A42AF6CF86001D8A27 /* Sources */,
				F40AB1A52AF6CF86001D8A27 /* Frameworks */,
				F40AB1A62AF6CF86001D8A27 /* Resources */,
			);
			buildRules = (
			);
			dependencies = (
			);
			name = WeatherApp;
			productName = WeatherApp;
			productReference = F40AB1A82AF6CF86001D8A27 /* WeatherApp.app */;
			productType = "com.apple.product-type.application";
		};
/* End PBXNativeTarget section */

/* Begin PBXProject section */
		F40AB1A02AF6CF86001D8A27 /* Project object */ = {
			isa = PBXProject;
			attributes = {
				BuildIndependentTargetsInParallel = 1;
				LastSwiftUpdateCheck = 1340;
				LastUpgradeCheck = 1340;
				TargetAttributes = {
					F40AB1A72AF6CF86001D8A27 = {
						CreatedOnToolsVersion = 13.4.1;
					};
				};
			};
			buildConfigurationList = F40AB1A32AF6CF86001D8A27 /* Build configuration list for PBXProject "WeatherApp" */;
			compatibilityVersion = "Xcode 13.0";
			developmentRegion = en;
			hasScannedForEncodings = 0;
			knownRegions = (
				en,
				Base,
			);
			mainGroup = F40AB19F2AF6CF86001D8A27;
			productRefGroup = F40AB1A92AF6CF86001D8A27 /* Products */;
			projectDirPath = "";
			projectRoot = "";
			targets = (
				F40AB1A72AF6CF86001D8A27 /* WeatherApp */,
			);
		};
/* End PBXProject section */

/* Begin PBXResourcesBuildPhase section */
		F40AB1A62AF6CF86001D8A27 /* Resources */ = {
			isa = PBXResourcesBuildPhase;
			buildActionMask = 2147483647;
			files = (
				F40AB1B32AF6CF87001D8A27 /* Preview Assets.xcassets in Resources */,
				F40AB1B02AF6CF87001D8A27 /* Assets.xcassets in Resources */,
			);
			runOnlyForDeploymentPostprocessing = 0;
		};
/* End PBXResourcesBuildPhase section */

/* Begin PBXSourcesBuildPhase section */
		F40AB1A42AF6CF86001D8A27 /* Sources */ = {
			isa = PBXSourcesBuildPhase;
			buildActionMask = 2147483647;
			files = (
				F40AB1BB2AF6D218001D8A27 /* WebServiceController.swift in Sources */,
				F40AB1C32AF81D76001D8A27 /* WeatherViewModel.swift in Sources */,
				F40AB1BD2AF6D35A001D8A27 /* OpenWeatherMapController.swift in Sources */,
				F40AB1C02AF8193D001D8A27 /* OpenWeatherMapContainer.swift in Sources */,
				F40AB1AE2AF6CF86001D8A27 /* ContentView.swift in Sources */,
				F40AB1AC2AF6CF86001D8A27 /* WeatherAppApp.swift in Sources */,
			);
			runOnlyForDeploymentPostprocessing = 0;
		};
/* End PBXSourcesBuildPhase section */

/* Begin XCBuildConfiguration section */
		F40AB1B42AF6CF87001D8A27 /* Debug */ = {
			isa = XCBuildConfiguration;
			buildSettings = {
				ALWAYS_SEARCH_USER_PATHS = NO;
				CLANG_ANALYZER_NONNULL = YES;
				CLANG_ANALYZER_NUMBER_OBJECT_CONVERSION = YES_AGGRESSIVE;
				CLANG_CXX_LANGUAGE_STANDARD = "gnu++17";
				CLANG_ENABLE_MODULES = YES;
				CLANG_ENABLE_OBJC_ARC = YES;
				CLANG_ENABLE_OBJC_WEAK = YES;
				CLANG_WARN_BLOCK_CAPTURE_AUTORELEASING = YES;
				CLANG_WARN_BOOL_CONVERSION = YES;
				CLANG_WARN_COMMA = YES;
				CLANG_WARN_CONSTANT_CONVERSION = YES;
				CLANG_WARN_DEPRECATED_OBJC_IMPLEMENTATIONS = YES;
				CLANG_WARN_DIRECT_OBJC_ISA_USAGE = YES_ERROR;
				CLANG_WARN_DOCUMENTATION_COMMENTS = YES;
				CLANG_WARN_EMPTY_BODY = YES;
				CLANG_WARN_ENUM_CONVERSION = YES;
				CLANG_WARN_INFINITE_RECURSION = YES;
				CLANG_WARN_INT_CONVERSION = YES;
				CLANG_WARN_NON_LITERAL_NULL_CONVERSION = YES;
				CLANG_WARN_OBJC_IMPLICIT_RETAIN_SELF = YES;
				CLANG_WARN_OBJC_LITERAL_CONVERSION = YES;
				CLANG_WARN_OBJC_ROOT_CLASS = YES_ERROR;
				CLANG_WARN_QUOTED_INCLUDE_IN_FRAMEWORK_HEADER = YES;
				CLANG_WARN_RANGE_LOOP_ANALYSIS = YES;
				CLANG_WARN_STRICT_PROTOTYPES = YES;
				CLANG_WARN_SUSPICIOUS_MOVE = YES;
				CLANG_WARN_UNGUARDED_AVAILABILITY = YES_AGGRESSIVE;
				CLANG_WARN_UNREACHABLE_CODE = YES;
				CLANG_WARN__DUPLICATE_METHOD_MATCH = YES;
				COPY_PHASE_STRIP = NO;
				DEBUG_INFORMATION_FORMAT = dwarf;
				ENABLE_STRICT_OBJC_MSGSEND = YES;
				ENABLE_TESTABILITY = YES;
				GCC_C_LANGUAGE_STANDARD = gnu11;
				GCC_DYNAMIC_NO_PIC = NO;
				GCC_NO_COMMON_BLOCKS = YES;
				GCC_OPTIMIZATION_LEVEL = 0;
				GCC_PREPROCESSOR_DEFINITIONS = (
					"DEBUG=1",
					"$(inherited)",
				);
				GCC_WARN_64_TO_32_BIT_CONVERSION = YES;
				GCC_WARN_ABOUT_RETURN_TYPE = YES_ERROR;
				GCC_WARN_UNDECLARED_SELECTOR = YES;
				GCC_WARN_UNINITIALIZED_AUTOS = YES_AGGRESSIVE;
				GCC_WARN_UNUSED_FUNCTION = YES;
				GCC_WARN_UNUSED_VARIABLE = YES;
				IPHONEOS_DEPLOYMENT_TARGET = 15.5;
				MTL_ENABLE_DEBUG_INFO = INCLUDE_SOURCE;
				MTL_FAST_MATH = YES;
				ONLY_ACTIVE_ARCH = YES;
				SDKROOT = iphoneos;
				SWIFT_ACTIVE_COMPILATION_CONDITIONS = DEBUG;
				SWIFT_OPTIMIZATION_LEVEL = "-Onone";
			};
			name = Debug;
		};
		F40AB1B52AF6CF87001D8A27 /* Release */ = {
			isa = XCBuildConfiguration;
			buildSettings = {
				ALWAYS_SEARCH_USER_PATHS = NO;
				CLANG_ANALYZER_NONNULL = YES;
				CLANG_ANALYZER_NUMBER_OBJECT_CONVERSION = YES_AGGRESSIVE;
				CLANG_CXX_LANGUAGE_STANDARD = "gnu++17";
				CLANG_ENABLE_MODULES = YES;
				CLANG_ENABLE_OBJC_ARC = YES;
				CLANG_ENABLE_OBJC_WEAK = YES;
				CLANG_WARN_BLOCK_CAPTURE_AUTORELEASING = YES;
				CLANG_WARN_BOOL_CONVERSION = YES;
				CLANG_WARN_COMMA = YES;
				CLANG_WARN_CONSTANT_CONVERSION = YES;
				CLANG_WARN_DEPRECATED_OBJC_IMPLEMENTATIONS = YES;
				CLANG_WARN_DIRECT_OBJC_ISA_USAGE = YES_ERROR;
				CLANG_WARN_DOCUMENTATION_COMMENTS = YES;
				CLANG_WARN_EMPTY_BODY = YES;
				CLANG_WARN_ENUM_CONVERSION = YES;
				CLANG_WARN_INFINITE_RECURSION = YES;
				CLANG_WARN_INT_CONVERSION = YES;
				CLANG_WARN_NON_LITERAL_NULL_CONVERSION = YES;
				CLANG_WARN_OBJC_IMPLICIT_RETAIN_SELF = YES;
				CLANG_WARN_OBJC_LITERAL_CONVERSION = YES;
				CLANG_WARN_OBJC_ROOT_CLASS = YES_ERROR;
				CLANG_WARN_QUOTED_INCLUDE_IN_FRAMEWORK_HEADER = YES;
				CLANG_WARN_RANGE_LOOP_ANALYSIS = YES;
				CLANG_WARN_STRICT_PROTOTYPES = YES;
				CLANG_WARN_SUSPICIOUS_MOVE = YES;
				CLANG_WARN_UNGUARDED_AVAILABILITY = YES_AGGRESSIVE;
				CLANG_WARN_UNREACHABLE_CODE = YES;
				CLANG_WARN__DUPLICATE_METHOD_MATCH = YES;
				COPY_PHASE_STRIP = NO;
				DEBUG_INFORMATION_FORMAT = "dwarf-with-dsym";
				ENABLE_NS_ASSERTIONS = NO;
				ENABLE_STRICT_OBJC_MSGSEND = YES;
				GCC_C_LANGUAGE_STANDARD = gnu11;
				GCC_NO_COMMON_BLOCKS = YES;
				GCC_WARN_64_TO_32_BIT_CONVERSION = YES;
				GCC_WARN_ABOUT_RETURN_TYPE = YES_ERROR;
				GCC_WARN_UNDECLARED_SELECTOR = YES;
				GCC_WARN_UNINITIALIZED_AUTOS = YES_AGGRESSIVE;
				GCC_WARN_UNUSED_FUNCTION = YES;
				GCC_WARN_UNUSED_VARIABLE = YES;
				IPHONEOS_DEPLOYMENT_TARGET = 15.5;
				MTL_ENABLE_DEBUG_INFO = NO;
				MTL_FAST_MATH = YES;
				SDKROOT = iphoneos;
				SWIFT_COMPILATION_MODE = wholemodule;
				SWIFT_OPTIMIZATION_LEVEL = "-O";
				VALIDATE_PRODUCT = YES;
			};
			name = Release;
		};
		F40AB1B72AF6CF87001D8A27 /* Debug */ = {
			isa = XCBuildConfiguration;
			buildSettings = {
				ASSETCATALOG_COMPILER_APPICON_NAME = AppIcon;
				ASSETCATALOG_COMPILER_GLOBAL_ACCENT_COLOR_NAME = AccentColor;
				CODE_SIGN_STYLE = Automatic;
				CURRENT_PROJECT_VERSION = 1;
				DEVELOPMENT_ASSET_PATHS = "\"WeatherApp/Preview Content\"";
				DEVELOPMENT_TEAM = URF9P27LBX;
				ENABLE_PREVIEWS = YES;
				GENERATE_INFOPLIST_FILE = YES;
				INFOPLIST_KEY_UIApplicationSceneManifest_Generation = YES;
				INFOPLIST_KEY_UIApplicationSupportsIndirectInputEvents = YES;
				INFOPLIST_KEY_UILaunchScreen_Generation = YES;
				INFOPLIST_KEY_UISupportedInterfaceOrientations_iPad = "UIInterfaceOrientationPortrait UIInterfaceOrientationPortraitUpsideDown UIInterfaceOrientationLandscapeLeft UIInterfaceOrientationLandscapeRight";
				INFOPLIST_KEY_UISupportedInterfaceOrientations_iPhone = "UIInterfaceOrientationPortrait UIInterfaceOrientationLandscapeLeft UIInterfaceOrientationLandscapeRight";
				LD_RUNPATH_SEARCH_PATHS = (
					"$(inherited)",
					"@executable_path/Frameworks",
				);
				MARKETING_VERSION = 1.0;
				PRODUCT_BUNDLE_IDENTIFIER = com.mehmet.WeatherApp;
				PRODUCT_NAME = "$(TARGET_NAME)";
				SWIFT_EMIT_LOC_STRINGS = YES;
				SWIFT_VERSION = 5.0;
				TARGETED_DEVICE_FAMILY = "1,2";
			};
			name = Debug;
		};
		F40AB1B82AF6CF87001D8A27 /* Release */ = {
			isa = XCBuildConfiguration;
			buildSettings = {
				ASSETCATALOG_COMPILER_APPICON_NAME = AppIcon;
				ASSETCATALOG_COMPILER_GLOBAL_ACCENT_COLOR_NAME = AccentColor;
				CODE_SIGN_STYLE = Automatic;
				CURRENT_PROJECT_VERSION = 1;
				DEVELOPMENT_ASSET_PATHS = "\"WeatherApp/Preview Content\"";
				DEVELOPMENT_TEAM = URF9P27LBX;
				ENABLE_PREVIEWS = YES;
				GENERATE_INFOPLIST_FILE = YES;
				INFOPLIST_KEY_UIApplicationSceneManifest_Generation = YES;
				INFOPLIST_KEY_UIApplicationSupportsIndirectInputEvents = YES;
				INFOPLIST_KEY_UILaunchScreen_Generation = YES;
				INFOPLIST_KEY_UISupportedInterfaceOrientations_iPad = "UIInterfaceOrientationPortrait UIInterfaceOrientationPortraitUpsideDown UIInterfaceOrientationLandscapeLeft UIInterfaceOrientationLandscapeRight";
				INFOPLIST_KEY_UISupportedInterfaceOrientations_iPhone = "UIInterfaceOrientationPortrait UIInterfaceOrientationLandscapeLeft UIInterfaceOrientationLandscapeRight";
				LD_RUNPATH_SEARCH_PATHS = (
					"$(inherited)",
					"@executable_path/Frameworks",
				);
				MARKETING_VERSION = 1.0;
				PRODUCT_BUNDLE_IDENTIFIER = com.mehmet.WeatherApp;
				PRODUCT_NAME = "$(TARGET_NAME)";
				SWIFT_EMIT_LOC_STRINGS = YES;
				SWIFT_VERSION = 5.0;
				TARGETED_DEVICE_FAMILY = "1,2";
			};
			name = Release;
		};
/* End XCBuildConfiguration section */

/* Begin XCConfigurationList section */
		F40AB1A32AF6CF86001D8A27 /* Build configuration list for PBXProject "WeatherApp" */ = {
			isa = XCConfigurationList;
			buildConfigurations = (
				F40AB1B42AF6CF87001D8A27 /* Debug */,
				F40AB1B52AF6CF87001D8A27 /* Release */,
			);
			defaultConfigurationIsVisible = 0;
			defaultConfigurationName = Release;
		};
		F40AB1B62AF6CF87001D8A27 /* Build configuration list for PBXNativeTarget "WeatherApp" */ = {
			isa = XCConfigurationList;
			buildConfigurations = (
				F40AB1B72AF6CF87001D8A27 /* Debug */,
				F40AB1B82AF6CF87001D8A27 /* Release */,
			);
			defaultConfigurationIsVisible = 0;
			defaultConfigurationName = Release;
		};
/* End XCConfigurationList section */
	};
	rootObject = F40AB1A02AF6CF86001D8A27 /* Project object */;
}
